
Microsoft Visual Studio Solution File, Format Version 12.00
# Visual Studio Version 16
VisualStudioVersion = 16.0.31729.503
MinimumVisualStudioVersion = 10.0.40219.1
Project("{FAE04EC0-301F-11D3-BF4B-00C04F79EFBC}") = "PalaciosPasswordGeneratorApp", "PalaciosPasswordGeneratorApp\PalaciosPasswordGeneratorApp.csproj", "{6CC8C2D3-B2B8-4FED-86B3-825225C6C65E}"
EndProject
Global
	GlobalSection(SolutionConfigurationPlatforms) = preSolution
		Debug|Any CPU = Debug|Any CPU
		Release|Any CPU = Release|Any CPU
	EndGlobalSection
	GlobalSection(ProjectConfigurationPlatforms) = postSolution
		{6CC8C2D3-B2B8-4FED-86B3-825225C6C65E}.Debug|Any CPU.ActiveCfg = Debug|Any CPU
		{6CC8C2D3-B2B8-4FED-86B3-825225C6C65E}.Debug|Any CPU.Build.0 = Debug|Any CPU
		{6CC8C2D3-B2B8-4FED-86B3-825225C6C65E}.Release|Any CPU.ActiveCfg = Release|Any CPU
		{6CC8C2D3-B2B8-4FED-86B3-825225C6C65E}.Release|Any CPU.Build.0 = Release|Any CPU
	EndGlobalSection
	GlobalSection(SolutionProperties) = preSolution
		HideSolutionNode = FALSE
	EndGlobalSection
	GlobalSection(ExtensibilityGlobals) = postSolution
		SolutionGuid = {9E3D7D6D-9258-4567-A187-DA98C355BF2D}
	EndGlobalSection
EndGlobal
