
Microsoft Visual Studio Solution File, Format Version 12.00
# Visual Studio Version 16
VisualStudioVersion = 16.0.31729.503
MinimumVisualStudioVersion = 10.0.40219.1
Project("{FAE04EC0-301F-11D3-BF4B-00C04F79EFBC}") = "Palaciosvettori3", "Palaciosvettori3\Palaciosvettori3.csproj", "{25784A02-C5FB-408D-AE6F-3887FF8320D9}"
EndProject
Global
	GlobalSection(SolutionConfigurationPlatforms) = preSolution
		Debug|Any CPU = Debug|Any CPU
		Release|Any CPU = Release|Any CPU
	EndGlobalSection
	GlobalSection(ProjectConfigurationPlatforms) = postSolution
		{25784A02-C5FB-408D-AE6F-3887FF8320D9}.Debug|Any CPU.ActiveCfg = Debug|Any CPU
		{25784A02-C5FB-408D-AE6F-3887FF8320D9}.Debug|Any CPU.Build.0 = Debug|Any CPU
		{25784A02-C5FB-408D-AE6F-3887FF8320D9}.Release|Any CPU.ActiveCfg = Release|Any CPU
		{25784A02-C5FB-408D-AE6F-3887FF8320D9}.Release|Any CPU.Build.0 = Release|Any CPU
	EndGlobalSection
	GlobalSection(SolutionProperties) = preSolution
		HideSolutionNode = FALSE
	EndGlobalSection
	GlobalSection(ExtensibilityGlobals) = postSolution
		SolutionGuid = {FE5F21EF-5A1E-4468-88DE-AA88D5146BB7}
	EndGlobalSection
EndGlobal
