
Microsoft Visual Studio Solution File, Format Version 12.00
# Visual Studio Version 16
VisualStudioVersion = 16.0.31729.503
MinimumVisualStudioVersion = 10.0.40219.1
Project("{FAE04EC0-301F-11D3-BF4B-00C04F79EFBC}") = "Palaciosvettori2", "Palaciosvettori2\Palaciosvettori2.csproj", "{31354428-11B1-4967-9A27-D8537D90D834}"
EndProject
Global
	GlobalSection(SolutionConfigurationPlatforms) = preSolution
		Debug|Any CPU = Debug|Any CPU
		Release|Any CPU = Release|Any CPU
	EndGlobalSection
	GlobalSection(ProjectConfigurationPlatforms) = postSolution
		{31354428-11B1-4967-9A27-D8537D90D834}.Debug|Any CPU.ActiveCfg = Debug|Any CPU
		{31354428-11B1-4967-9A27-D8537D90D834}.Debug|Any CPU.Build.0 = Debug|Any CPU
		{31354428-11B1-4967-9A27-D8537D90D834}.Release|Any CPU.ActiveCfg = Release|Any CPU
		{31354428-11B1-4967-9A27-D8537D90D834}.Release|Any CPU.Build.0 = Release|Any CPU
	EndGlobalSection
	GlobalSection(SolutionProperties) = preSolution
		HideSolutionNode = FALSE
	EndGlobalSection
	GlobalSection(ExtensibilityGlobals) = postSolution
		SolutionGuid = {2058B166-D85D-4D3A-AA88-0834DCC5F4E9}
	EndGlobalSection
EndGlobal
